
Microsoft Visual Studio Solution File, Format Version 12.00
# Visual Studio 15
VisualStudioVersion = 15.0.26124.0
MinimumVisualStudioVersion = 15.0.26124.0
Project("{FAE04EC0-301F-11D3-BF4B-00C04F79EFBC}") = "Terminal", "Terminal\Terminal.csproj", "{B9B4AE27-6DC1-4F12-8B65-6F99A1C940DC}"
EndProject
Project("{FAE04EC0-301F-11D3-BF4B-00C04F79EFBC}") = "UmlBased", "UmlBased\UmlBased.csproj", "{CA6CFF29-9A02-4CD0-AFCA-DAD45B7ACE9F}"
EndProject
Project("{FAE04EC0-301F-11D3-BF4B-00C04F79EFBC}") = "Linux", "Linux\Linux.csproj", "{A96728AB-BD63-4EEF-A0E3-2C773C294FFF}"
EndProject
Project("{FAE04EC0-301F-11D3-BF4B-00C04F79EFBC}") = "Windows", "Windows\Windows.csproj", "{3A88F015-29EF-4437-9490-DDEE87A7FB9C}"
EndProject
Project("{FAE04EC0-301F-11D3-BF4B-00C04F79EFBC}") = "ICommon", "ICommon\ICommon.csproj", "{4EA52345-48CC-473B-9C72-83ABF18A375C}"
EndProject
Project("{FAE04EC0-301F-11D3-BF4B-00C04F79EFBC}") = "DomicilioSharp", "DomicilioSharp\DomicilioSharp.csproj", "{26378A95-3169-4CC9-B6EB-03D245A90F2F}"
EndProject
Global
	GlobalSection(SolutionConfigurationPlatforms) = preSolution
		Debug|Any CPU = Debug|Any CPU
		Debug|x64 = Debug|x64
		Debug|x86 = Debug|x86
		Release|Any CPU = Release|Any CPU
		Release|x64 = Release|x64
		Release|x86 = Release|x86
	EndGlobalSection
	GlobalSection(SolutionProperties) = preSolution
		HideSolutionNode = FALSE
	EndGlobalSection
	GlobalSection(ProjectConfigurationPlatforms) = postSolution
		{B9B4AE27-6DC1-4F12-8B65-6F99A1C940DC}.Debug|Any CPU.ActiveCfg = Debug|Any CPU
		{B9B4AE27-6DC1-4F12-8B65-6F99A1C940DC}.Debug|Any CPU.Build.0 = Debug|Any CPU
		{B9B4AE27-6DC1-4F12-8B65-6F99A1C940DC}.Debug|x64.ActiveCfg = Debug|Any CPU
		{B9B4AE27-6DC1-4F12-8B65-6F99A1C940DC}.Debug|x64.Build.0 = Debug|Any CPU
		{B9B4AE27-6DC1-4F12-8B65-6F99A1C940DC}.Debug|x86.ActiveCfg = Debug|Any CPU
		{B9B4AE27-6DC1-4F12-8B65-6F99A1C940DC}.Debug|x86.Build.0 = Debug|Any CPU
		{B9B4AE27-6DC1-4F12-8B65-6F99A1C940DC}.Release|Any CPU.ActiveCfg = Release|Any CPU
		{B9B4AE27-6DC1-4F12-8B65-6F99A1C940DC}.Release|Any CPU.Build.0 = Release|Any CPU
		{B9B4AE27-6DC1-4F12-8B65-6F99A1C940DC}.Release|x64.ActiveCfg = Release|Any CPU
		{B9B4AE27-6DC1-4F12-8B65-6F99A1C940DC}.Release|x64.Build.0 = Release|Any CPU
		{B9B4AE27-6DC1-4F12-8B65-6F99A1C940DC}.Release|x86.ActiveCfg = Release|Any CPU
		{B9B4AE27-6DC1-4F12-8B65-6F99A1C940DC}.Release|x86.Build.0 = Release|Any CPU
		{CA6CFF29-9A02-4CD0-AFCA-DAD45B7ACE9F}.Debug|Any CPU.ActiveCfg = Debug|Any CPU
		{CA6CFF29-9A02-4CD0-AFCA-DAD45B7ACE9F}.Debug|Any CPU.Build.0 = Debug|Any CPU
		{CA6CFF29-9A02-4CD0-AFCA-DAD45B7ACE9F}.Debug|x64.ActiveCfg = Debug|Any CPU
		{CA6CFF29-9A02-4CD0-AFCA-DAD45B7ACE9F}.Debug|x64.Build.0 = Debug|Any CPU
		{CA6CFF29-9A02-4CD0-AFCA-DAD45B7ACE9F}.Debug|x86.ActiveCfg = Debug|Any CPU
		{CA6CFF29-9A02-4CD0-AFCA-DAD45B7ACE9F}.Debug|x86.Build.0 = Debug|Any CPU
		{CA6CFF29-9A02-4CD0-AFCA-DAD45B7ACE9F}.Release|Any CPU.ActiveCfg = Release|Any CPU
		{CA6CFF29-9A02-4CD0-AFCA-DAD45B7ACE9F}.Release|Any CPU.Build.0 = Release|Any CPU
		{CA6CFF29-9A02-4CD0-AFCA-DAD45B7ACE9F}.Release|x64.ActiveCfg = Release|Any CPU
		{CA6CFF29-9A02-4CD0-AFCA-DAD45B7ACE9F}.Release|x64.Build.0 = Release|Any CPU
		{CA6CFF29-9A02-4CD0-AFCA-DAD45B7ACE9F}.Release|x86.ActiveCfg = Release|Any CPU
		{CA6CFF29-9A02-4CD0-AFCA-DAD45B7ACE9F}.Release|x86.Build.0 = Release|Any CPU
		{A96728AB-BD63-4EEF-A0E3-2C773C294FFF}.Debug|Any CPU.ActiveCfg = Debug|Any CPU
		{A96728AB-BD63-4EEF-A0E3-2C773C294FFF}.Debug|Any CPU.Build.0 = Debug|Any CPU
		{A96728AB-BD63-4EEF-A0E3-2C773C294FFF}.Debug|x64.ActiveCfg = Debug|Any CPU
		{A96728AB-BD63-4EEF-A0E3-2C773C294FFF}.Debug|x64.Build.0 = Debug|Any CPU
		{A96728AB-BD63-4EEF-A0E3-2C773C294FFF}.Debug|x86.ActiveCfg = Debug|Any CPU
		{A96728AB-BD63-4EEF-A0E3-2C773C294FFF}.Debug|x86.Build.0 = Debug|Any CPU
		{A96728AB-BD63-4EEF-A0E3-2C773C294FFF}.Release|Any CPU.ActiveCfg = Release|Any CPU
		{A96728AB-BD63-4EEF-A0E3-2C773C294FFF}.Release|Any CPU.Build.0 = Release|Any CPU
		{A96728AB-BD63-4EEF-A0E3-2C773C294FFF}.Release|x64.ActiveCfg = Release|Any CPU
		{A96728AB-BD63-4EEF-A0E3-2C773C294FFF}.Release|x64.Build.0 = Release|Any CPU
		{A96728AB-BD63-4EEF-A0E3-2C773C294FFF}.Release|x86.ActiveCfg = Release|Any CPU
		{A96728AB-BD63-4EEF-A0E3-2C773C294FFF}.Release|x86.Build.0 = Release|Any CPU
		{3A88F015-29EF-4437-9490-DDEE87A7FB9C}.Debug|Any CPU.ActiveCfg = Debug|Any CPU
		{3A88F015-29EF-4437-9490-DDEE87A7FB9C}.Debug|Any CPU.Build.0 = Debug|Any CPU
		{3A88F015-29EF-4437-9490-DDEE87A7FB9C}.Debug|x64.ActiveCfg = Debug|Any CPU
		{3A88F015-29EF-4437-9490-DDEE87A7FB9C}.Debug|x64.Build.0 = Debug|Any CPU
		{3A88F015-29EF-4437-9490-DDEE87A7FB9C}.Debug|x86.ActiveCfg = Debug|Any CPU
		{3A88F015-29EF-4437-9490-DDEE87A7FB9C}.Debug|x86.Build.0 = Debug|Any CPU
		{3A88F015-29EF-4437-9490-DDEE87A7FB9C}.Release|Any CPU.ActiveCfg = Release|Any CPU
		{3A88F015-29EF-4437-9490-DDEE87A7FB9C}.Release|Any CPU.Build.0 = Release|Any CPU
		{3A88F015-29EF-4437-9490-DDEE87A7FB9C}.Release|x64.ActiveCfg = Release|Any CPU
		{3A88F015-29EF-4437-9490-DDEE87A7FB9C}.Release|x64.Build.0 = Release|Any CPU
		{3A88F015-29EF-4437-9490-DDEE87A7FB9C}.Release|x86.ActiveCfg = Release|Any CPU
		{3A88F015-29EF-4437-9490-DDEE87A7FB9C}.Release|x86.Build.0 = Release|Any CPU
		{4EA52345-48CC-473B-9C72-83ABF18A375C}.Debug|Any CPU.ActiveCfg = Debug|Any CPU
		{4EA52345-48CC-473B-9C72-83ABF18A375C}.Debug|Any CPU.Build.0 = Debug|Any CPU
		{4EA52345-48CC-473B-9C72-83ABF18A375C}.Debug|x64.ActiveCfg = Debug|Any CPU
		{4EA52345-48CC-473B-9C72-83ABF18A375C}.Debug|x64.Build.0 = Debug|Any CPU
		{4EA52345-48CC-473B-9C72-83ABF18A375C}.Debug|x86.ActiveCfg = Debug|Any CPU
		{4EA52345-48CC-473B-9C72-83ABF18A375C}.Debug|x86.Build.0 = Debug|Any CPU
		{4EA52345-48CC-473B-9C72-83ABF18A375C}.Release|Any CPU.ActiveCfg = Release|Any CPU
		{4EA52345-48CC-473B-9C72-83ABF18A375C}.Release|Any CPU.Build.0 = Release|Any CPU
		{4EA52345-48CC-473B-9C72-83ABF18A375C}.Release|x64.ActiveCfg = Release|Any CPU
		{4EA52345-48CC-473B-9C72-83ABF18A375C}.Release|x64.Build.0 = Release|Any CPU
		{4EA52345-48CC-473B-9C72-83ABF18A375C}.Release|x86.ActiveCfg = Release|Any CPU
		{4EA52345-48CC-473B-9C72-83ABF18A375C}.Release|x86.Build.0 = Release|Any CPU
		{26378A95-3169-4CC9-B6EB-03D245A90F2F}.Debug|Any CPU.ActiveCfg = Debug|Any CPU
		{26378A95-3169-4CC9-B6EB-03D245A90F2F}.Debug|Any CPU.Build.0 = Debug|Any CPU
		{26378A95-3169-4CC9-B6EB-03D245A90F2F}.Debug|x64.ActiveCfg = Debug|Any CPU
		{26378A95-3169-4CC9-B6EB-03D245A90F2F}.Debug|x64.Build.0 = Debug|Any CPU
		{26378A95-3169-4CC9-B6EB-03D245A90F2F}.Debug|x86.ActiveCfg = Debug|Any CPU
		{26378A95-3169-4CC9-B6EB-03D245A90F2F}.Debug|x86.Build.0 = Debug|Any CPU
		{26378A95-3169-4CC9-B6EB-03D245A90F2F}.Release|Any CPU.ActiveCfg = Release|Any CPU
		{26378A95-3169-4CC9-B6EB-03D245A90F2F}.Release|Any CPU.Build.0 = Release|Any CPU
		{26378A95-3169-4CC9-B6EB-03D245A90F2F}.Release|x64.ActiveCfg = Release|Any CPU
		{26378A95-3169-4CC9-B6EB-03D245A90F2F}.Release|x64.Build.0 = Release|Any CPU
		{26378A95-3169-4CC9-B6EB-03D245A90F2F}.Release|x86.ActiveCfg = Release|Any CPU
		{26378A95-3169-4CC9-B6EB-03D245A90F2F}.Release|x86.Build.0 = Release|Any CPU
	EndGlobalSection
EndGlobal
